// !$*UTF8*$!
{
	archiveVersion = 1;
	classes = {
	};
	objectVersion = 52;
	objects = {

/* Begin PBXBuildFile section */
		B599372F2515F57A00F629BC /* AppDelegate.swift in Sources */ = {isa = PBXBuildFile; fileRef = B599372E2515F57A00F629BC /* AppDelegate.swift */; };
		B59937332515F57A00F629BC /* MainViewController.swift in Sources */ = {isa = PBXBuildFile; fileRef = B59937322515F57A00F629BC /* MainViewController.swift */; };
		B59937362515F57A00F629BC /* Main.storyboard in Resources */ = {isa = PBXBuildFile; fileRef = B59937342515F57A00F629BC /* Main.storyboard */; };
		B59937382515F57B00F629BC /* Assets.xcassets in Resources */ = {isa = PBXBuildFile; fileRef = B59937372515F57B00F629BC /* Assets.xcassets */; };
		B599373B2515F57B00F629BC /* LaunchScreen.storyboard in Resources */ = {isa = PBXBuildFile; fileRef = B59937392515F57B00F629BC /* LaunchScreen.storyboard */; };
		B59937452515F77C00F629BC /* MainFactory.swift in Sources */ = {isa = PBXBuildFile; fileRef = B59937442515F77C00F629BC /* MainFactory.swift */; };
		B59937472515F7A900F629BC /* UseCaseFactory.swift in Sources */ = {isa = PBXBuildFile; fileRef = B59937462515F7A900F629BC /* UseCaseFactory.swift */; };
		B599374D2515FE7300F629BC /* ProviderFactory.swift in Sources */ = {isa = PBXBuildFile; fileRef = B599374C2515FE7300F629BC /* ProviderFactory.swift */; };
		B59937502515FEB400F629BC /* BaseProvider.swift in Sources */ = {isa = PBXBuildFile; fileRef = B599374F2515FEB400F629BC /* BaseProvider.swift */; };
		B59937522515FF0000F629BC /* NumberModel.swift in Sources */ = {isa = PBXBuildFile; fileRef = B59937512515FF0000F629BC /* NumberModel.swift */; };
		B59937552515FF2A00F629BC /* NumbersProviding.swift in Sources */ = {isa = PBXBuildFile; fileRef = B59937542515FF2A00F629BC /* NumbersProviding.swift */; };
		B59937582515FF6100F629BC /* NumbersProvider.swift in Sources */ = {isa = PBXBuildFile; fileRef = B59937572515FF6100F629BC /* NumbersProvider.swift */; };
		B599375A2515FF9100F629BC /* AppError.swift in Sources */ = {isa = PBXBuildFile; fileRef = B59937592515FF9100F629BC /* AppError.swift */; };
		B599375C2515FFEB00F629BC /* HTTPURLResponse+Extension.swift in Sources */ = {isa = PBXBuildFile; fileRef = B599375B2515FFEB00F629BC /* HTTPURLResponse+Extension.swift */; };
		B599375F2516064C00F629BC /* BaseViewControlling.swift in Sources */ = {isa = PBXBuildFile; fileRef = B599375E2516064C00F629BC /* BaseViewControlling.swift */; };
		B59937622516068900F629BC /* BaseViewController.swift in Sources */ = {isa = PBXBuildFile; fileRef = B59937612516068900F629BC /* BaseViewController.swift */; };
		B5993764251606BA00F629BC /* BasePresenter.swift in Sources */ = {isa = PBXBuildFile; fileRef = B5993763251606BA00F629BC /* BasePresenter.swift */; };
		B59937672516096300F629BC /* NumberTableViewCell.swift in Sources */ = {isa = PBXBuildFile; fileRef = B59937652516096300F629BC /* NumberTableViewCell.swift */; };
		B59937682516096300F629BC /* NumberTableViewCell.xib in Resources */ = {isa = PBXBuildFile; fileRef = B59937662516096300F629BC /* NumberTableViewCell.xib */; };
		B599376C25160A4500F629BC /* Master.storyboard in Resources */ = {isa = PBXBuildFile; fileRef = B599376B25160A4500F629BC /* Master.storyboard */; };
		B599376E25160B1E00F629BC /* MasterContract.swift in Sources */ = {isa = PBXBuildFile; fileRef = B599376D25160B1E00F629BC /* MasterContract.swift */; };
		B599377025160C0600F629BC /* MasterViewController.swift in Sources */ = {isa = PBXBuildFile; fileRef = B599376F25160C0600F629BC /* MasterViewController.swift */; };
		B599377325160C9D00F629BC /* SDWebImage in Frameworks */ = {isa = PBXBuildFile; productRef = B599377225160C9D00F629BC /* SDWebImage */; };
		B599377525160E9A00F629BC /* MasterPresenter.swift in Sources */ = {isa = PBXBuildFile; fileRef = B599377425160E9A00F629BC /* MasterPresenter.swift */; };
		B599377725160ED800F629BC /* MasterFactory.swift in Sources */ = {isa = PBXBuildFile; fileRef = B599377625160ED800F629BC /* MasterFactory.swift */; };
		B599377925160F4900F629BC /* Global.swift in Sources */ = {isa = PBXBuildFile; fileRef = B599377825160F4900F629BC /* Global.swift */; };
		B599377B2516136700F629BC /* UITableView+Extension.swift in Sources */ = {isa = PBXBuildFile; fileRef = B599377A2516136700F629BC /* UITableView+Extension.swift */; };
		B599377D2516141E00F629BC /* Array+Extension.swift in Sources */ = {isa = PBXBuildFile; fileRef = B599377C2516141E00F629BC /* Array+Extension.swift */; };
		B5E745BF251618C100D59298 /* Detail.storyboard in Resources */ = {isa = PBXBuildFile; fileRef = B5E745BE251618C100D59298 /* Detail.storyboard */; };
		B5E745C2251618E400D59298 /* DetailContract.swift in Sources */ = {isa = PBXBuildFile; fileRef = B5E745C1251618E400D59298 /* DetailContract.swift */; };
		B5E745C4251618FF00D59298 /* DetailViewController.swift in Sources */ = {isa = PBXBuildFile; fileRef = B5E745C3251618FF00D59298 /* DetailViewController.swift */; };
		B5E745C62516191600D59298 /* DetailPresenter.swift in Sources */ = {isa = PBXBuildFile; fileRef = B5E745C52516191600D59298 /* DetailPresenter.swift */; };
		B5E745C8251619B200D59298 /* DetailFactory.swift in Sources */ = {isa = PBXBuildFile; fileRef = B5E745C7251619B200D59298 /* DetailFactory.swift */; };
/* End PBXBuildFile section */

/* Begin PBXFileReference section */
		B599372B2515F57A00F629BC /* Numbers.app */ = {isa = PBXFileReference; explicitFileType = wrapper.application; includeInIndex = 0; path = Numbers.app; sourceTree = BUILT_PRODUCTS_DIR; };
		B599372E2515F57A00F629BC /* AppDelegate.swift */ = {isa = PBXFileReference; lastKnownFileType = sourcecode.swift; path = AppDelegate.swift; sourceTree = "<group>"; };
		B59937322515F57A00F629BC /* MainViewController.swift */ = {isa = PBXFileReference; lastKnownFileType = sourcecode.swift; path = MainViewController.swift; sourceTree = "<group>"; };
		B59937352515F57A00F629BC /* Base */ = {isa = PBXFileReference; lastKnownFileType = file.storyboard; name = Base; path = Base.lproj/Main.storyboard; sourceTree = "<group>"; };
		B59937372515F57B00F629BC /* Assets.xcassets */ = {isa = PBXFileReference; lastKnownFileType = folder.assetcatalog; path = Assets.xcassets; sourceTree = "<group>"; };
		B599373A2515F57B00F629BC /* Base */ = {isa = PBXFileReference; lastKnownFileType = file.storyboard; name = Base; path = Base.lproj/LaunchScreen.storyboard; sourceTree = "<group>"; };
		B599373C2515F57B00F629BC /* Info.plist */ = {isa = PBXFileReference; lastKnownFileType = text.plist.xml; path = Info.plist; sourceTree = "<group>"; };
		B59937442515F77C00F629BC /* MainFactory.swift */ = {isa = PBXFileReference; lastKnownFileType = sourcecode.swift; path = MainFactory.swift; sourceTree = "<group>"; };
		B59937462515F7A900F629BC /* UseCaseFactory.swift */ = {isa = PBXFileReference; lastKnownFileType = sourcecode.swift; path = UseCaseFactory.swift; sourceTree = "<group>"; };
		B599374C2515FE7300F629BC /* ProviderFactory.swift */ = {isa = PBXFileReference; lastKnownFileType = sourcecode.swift; path = ProviderFactory.swift; sourceTree = "<group>"; };
		B599374F2515FEB400F629BC /* BaseProvider.swift */ = {isa = PBXFileReference; lastKnownFileType = sourcecode.swift; path = BaseProvider.swift; sourceTree = "<group>"; };
		B59937512515FF0000F629BC /* NumberModel.swift */ = {isa = PBXFileReference; lastKnownFileType = sourcecode.swift; path = NumberModel.swift; sourceTree = "<group>"; };
		B59937542515FF2A00F629BC /* NumbersProviding.swift */ = {isa = PBXFileReference; lastKnownFileType = sourcecode.swift; path = NumbersProviding.swift; sourceTree = "<group>"; };
		B59937572515FF6100F629BC /* NumbersProvider.swift */ = {isa = PBXFileReference; lastKnownFileType = sourcecode.swift; path = NumbersProvider.swift; sourceTree = "<group>"; };
		B59937592515FF9100F629BC /* AppError.swift */ = {isa = PBXFileReference; lastKnownFileType = sourcecode.swift; path = AppError.swift; sourceTree = "<group>"; };
		B599375B2515FFEB00F629BC /* HTTPURLResponse+Extension.swift */ = {isa = PBXFileReference; lastKnownFileType = sourcecode.swift; path = "HTTPURLResponse+Extension.swift"; sourceTree = "<group>"; };
		B599375E2516064C00F629BC /* BaseViewControlling.swift */ = {isa = PBXFileReference; lastKnownFileType = sourcecode.swift; path = BaseViewControlling.swift; sourceTree = "<group>"; };
		B59937612516068900F629BC /* BaseViewController.swift */ = {isa = PBXFileReference; lastKnownFileType = sourcecode.swift; path = BaseViewController.swift; sourceTree = "<group>"; };
		B5993763251606BA00F629BC /* BasePresenter.swift */ = {isa = PBXFileReference; lastKnownFileType = sourcecode.swift; path = BasePresenter.swift; sourceTree = "<group>"; };
		B59937652516096300F629BC /* NumberTableViewCell.swift */ = {isa = PBXFileReference; lastKnownFileType = sourcecode.swift; path = NumberTableViewCell.swift; sourceTree = "<group>"; };
		B59937662516096300F629BC /* NumberTableViewCell.xib */ = {isa = PBXFileReference; lastKnownFileType = file.xib; path = NumberTableViewCell.xib; sourceTree = "<group>"; };
		B599376B25160A4500F629BC /* Master.storyboard */ = {isa = PBXFileReference; lastKnownFileType = file.storyboard; path = Master.storyboard; sourceTree = "<group>"; };
		B599376D25160B1E00F629BC /* MasterContract.swift */ = {isa = PBXFileReference; lastKnownFileType = sourcecode.swift; path = MasterContract.swift; sourceTree = "<group>"; };
		B599376F25160C0600F629BC /* MasterViewController.swift */ = {isa = PBXFileReference; lastKnownFileType = sourcecode.swift; path = MasterViewController.swift; sourceTree = "<group>"; };
		B599377425160E9A00F629BC /* MasterPresenter.swift */ = {isa = PBXFileReference; lastKnownFileType = sourcecode.swift; path = MasterPresenter.swift; sourceTree = "<group>"; };
		B599377625160ED800F629BC /* MasterFactory.swift */ = {isa = PBXFileReference; lastKnownFileType = sourcecode.swift; path = MasterFactory.swift; sourceTree = "<group>"; };
		B599377825160F4900F629BC /* Global.swift */ = {isa = PBXFileReference; lastKnownFileType = sourcecode.swift; path = Global.swift; sourceTree = "<group>"; };
		B599377A2516136700F629BC /* UITableView+Extension.swift */ = {isa = PBXFileReference; lastKnownFileType = sourcecode.swift; path = "UITableView+Extension.swift"; sourceTree = "<group>"; };
		B599377C2516141E00F629BC /* Array+Extension.swift */ = {isa = PBXFileReference; lastKnownFileType = sourcecode.swift; path = "Array+Extension.swift"; sourceTree = "<group>"; };
		B5E745BE251618C100D59298 /* Detail.storyboard */ = {isa = PBXFileReference; lastKnownFileType = file.storyboard; path = Detail.storyboard; sourceTree = "<group>"; };
		B5E745C1251618E400D59298 /* DetailContract.swift */ = {isa = PBXFileReference; lastKnownFileType = sourcecode.swift; path = DetailContract.swift; sourceTree = "<group>"; };
		B5E745C3251618FF00D59298 /* DetailViewController.swift */ = {isa = PBXFileReference; lastKnownFileType = sourcecode.swift; path = DetailViewController.swift; sourceTree = "<group>"; };
		B5E745C52516191600D59298 /* DetailPresenter.swift */ = {isa = PBXFileReference; lastKnownFileType = sourcecode.swift; path = DetailPresenter.swift; sourceTree = "<group>"; };
		B5E745C7251619B200D59298 /* DetailFactory.swift */ = {isa = PBXFileReference; lastKnownFileType = sourcecode.swift; path = DetailFactory.swift; sourceTree = "<group>"; };
/* End PBXFileReference section */

/* Begin PBXFrameworksBuildPhase section */
		B59937282515F57A00F629BC /* Frameworks */ = {
			isa = PBXFrameworksBuildPhase;
			buildActionMask = 2147483647;
			files = (
				B599377325160C9D00F629BC /* SDWebImage in Frameworks */,
			);
			runOnlyForDeploymentPostprocessing = 0;
		};
/* End PBXFrameworksBuildPhase section */

/* Begin PBXGroup section */
		B59937222515F57A00F629BC = {
			isa = PBXGroup;
			children = (
				B599372D2515F57A00F629BC /* Numbers */,
				B599372C2515F57A00F629BC /* Products */,
			);
			sourceTree = "<group>";
		};
		B599372C2515F57A00F629BC /* Products */ = {
			isa = PBXGroup;
			children = (
				B599372B2515F57A00F629BC /* Numbers.app */,
			);
			name = Products;
			sourceTree = "<group>";
		};
		B599372D2515F57A00F629BC /* Numbers */ = {
			isa = PBXGroup;
			children = (
				B599373C2515F57B00F629BC /* Info.plist */,
				B59937372515F57B00F629BC /* Assets.xcassets */,
				B599372E2515F57A00F629BC /* AppDelegate.swift */,
				B59937392515F57B00F629BC /* LaunchScreen.storyboard */,
				B59937422515F68D00F629BC /* UseCases */,
				B59937482515F7AE00F629BC /* Common */,
				B599374E2515FE7800F629BC /* DAL */,
			);
			path = Numbers;
			sourceTree = "<group>";
		};
		B59937422515F68D00F629BC /* UseCases */ = {
			isa = PBXGroup;
			children = (
				B59937602516065000F629BC /* Base */,
				B59937432515F69800F629BC /* Main */,
				B599376A2516096E00F629BC /* Master */,
				B5E745C0251618C800D59298 /* Detail */,
			);
			path = UseCases;
			sourceTree = "<group>";
		};
		B59937432515F69800F629BC /* Main */ = {
			isa = PBXGroup;
			children = (
				B59937342515F57A00F629BC /* Main.storyboard */,
				B59937322515F57A00F629BC /* MainViewController.swift */,
				B59937442515F77C00F629BC /* MainFactory.swift */,
			);
			path = Main;
			sourceTree = "<group>";
		};
		B59937482515F7AE00F629BC /* Common */ = {
			isa = PBXGroup;
			children = (
				B599377825160F4900F629BC /* Global.swift */,
				B59937592515FF9100F629BC /* AppError.swift */,
				B59937462515F7A900F629BC /* UseCaseFactory.swift */,
				B599375D2515FFF100F629BC /* Extensions */,
			);
			path = Common;
			sourceTree = "<group>";
		};
		B599374E2515FE7800F629BC /* DAL */ = {
			isa = PBXGroup;
			children = (
				B599374C2515FE7300F629BC /* ProviderFactory.swift */,
				B599374F2515FEB400F629BC /* BaseProvider.swift */,
				B59937532515FF1200F629BC /* DOM */,
				B59937562515FF3600F629BC /* Providers */,
			);
			path = DAL;
			sourceTree = "<group>";
		};
		B59937532515FF1200F629BC /* DOM */ = {
			isa = PBXGroup;
			children = (
				B59937512515FF0000F629BC /* NumberModel.swift */,
			);
			path = DOM;
			sourceTree = "<group>";
		};
		B59937562515FF3600F629BC /* Providers */ = {
			isa = PBXGroup;
			children = (
				B59937542515FF2A00F629BC /* NumbersProviding.swift */,
				B59937572515FF6100F629BC /* NumbersProvider.swift */,
			);
			path = Providers;
			sourceTree = "<group>";
		};
		B599375D2515FFF100F629BC /* Extensions */ = {
			isa = PBXGroup;
			children = (
				B599377C2516141E00F629BC /* Array+Extension.swift */,
				B599377A2516136700F629BC /* UITableView+Extension.swift */,
				B599375B2515FFEB00F629BC /* HTTPURLResponse+Extension.swift */,
			);
			path = Extensions;
			sourceTree = "<group>";
		};
		B59937602516065000F629BC /* Base */ = {
			isa = PBXGroup;
			children = (
				B599375E2516064C00F629BC /* BaseViewControlling.swift */,
				B59937612516068900F629BC /* BaseViewController.swift */,
				B5993763251606BA00F629BC /* BasePresenter.swift */,
			);
			path = Base;
			sourceTree = "<group>";
		};
		B59937692516096700F629BC /* NumberTableViewCell */ = {
			isa = PBXGroup;
			children = (
				B59937662516096300F629BC /* NumberTableViewCell.xib */,
				B59937652516096300F629BC /* NumberTableViewCell.swift */,
			);
			path = NumberTableViewCell;
			sourceTree = "<group>";
		};
		B599376A2516096E00F629BC /* Master */ = {
			isa = PBXGroup;
			children = (
				B59937692516096700F629BC /* NumberTableViewCell */,
				B599376B25160A4500F629BC /* Master.storyboard */,
				B599376D25160B1E00F629BC /* MasterContract.swift */,
				B599376F25160C0600F629BC /* MasterViewController.swift */,
				B599377425160E9A00F629BC /* MasterPresenter.swift */,
				B599377625160ED800F629BC /* MasterFactory.swift */,
			);
			path = Master;
			sourceTree = "<group>";
		};
		B5E745C0251618C800D59298 /* Detail */ = {
			isa = PBXGroup;
			children = (
				B5E745BE251618C100D59298 /* Detail.storyboard */,
				B5E745C1251618E400D59298 /* DetailContract.swift */,
				B5E745C3251618FF00D59298 /* DetailViewController.swift */,
				B5E745C52516191600D59298 /* DetailPresenter.swift */,
				B5E745C7251619B200D59298 /* DetailFactory.swift */,
			);
			path = Detail;
			sourceTree = "<group>";
		};
/* End PBXGroup section */

/* Begin PBXNativeTarget section */
		B599372A2515F57A00F629BC /* Numbers */ = {
			isa = PBXNativeTarget;
			buildConfigurationList = B599373F2515F57B00F629BC /* Build configuration list for PBXNativeTarget "Numbers" */;
			buildPhases = (
				B59937272515F57A00F629BC /* Sources */,
				B59937282515F57A00F629BC /* Frameworks */,
				B59937292515F57A00F629BC /* Resources */,
			);
			buildRules = (
			);
			dependencies = (
			);
			name = Numbers;
			packageProductDependencies = (
				B599377225160C9D00F629BC /* SDWebImage */,
			);
			productName = Numbers;
			productReference = B599372B2515F57A00F629BC /* Numbers.app */;
			productType = "com.apple.product-type.application";
		};
/* End PBXNativeTarget section */

/* Begin PBXProject section */
		B59937232515F57A00F629BC /* Project object */ = {
			isa = PBXProject;
			attributes = {
				LastSwiftUpdateCheck = 1170;
				LastUpgradeCheck = 1170;
				ORGANIZATIONNAME = "Bendegúz Németh";
				TargetAttributes = {
					B599372A2515F57A00F629BC = {
						CreatedOnToolsVersion = 11.7;
					};
				};
			};
			buildConfigurationList = B59937262515F57A00F629BC /* Build configuration list for PBXProject "Numbers" */;
			compatibilityVersion = "Xcode 9.3";
			developmentRegion = en;
			hasScannedForEncodings = 0;
			knownRegions = (
				en,
				Base,
			);
			mainGroup = B59937222515F57A00F629BC;
			packageReferences = (
				B599377125160C9D00F629BC /* XCRemoteSwiftPackageReference "SDWebImage" */,
			);
			productRefGroup = B599372C2515F57A00F629BC /* Products */;
			projectDirPath = "";
			projectRoot = "";
			targets = (
				B599372A2515F57A00F629BC /* Numbers */,
			);
		};
/* End PBXProject section */

/* Begin PBXResourcesBuildPhase section */
		B59937292515F57A00F629BC /* Resources */ = {
			isa = PBXResourcesBuildPhase;
			buildActionMask = 2147483647;
			files = (
				B59937682516096300F629BC /* NumberTableViewCell.xib in Resources */,
				B599373B2515F57B00F629BC /* LaunchScreen.storyboard in Resources */,
				B59937382515F57B00F629BC /* Assets.xcassets in Resources */,
				B599376C25160A4500F629BC /* Master.storyboard in Resources */,
				B59937362515F57A00F629BC /* Main.storyboard in Resources */,
				B5E745BF251618C100D59298 /* Detail.storyboard in Resources */,
			);
			runOnlyForDeploymentPostprocessing = 0;
		};
/* End PBXResourcesBuildPhase section */

/* Begin PBXSourcesBuildPhase section */
		B59937272515F57A00F629BC /* Sources */ = {
			isa = PBXSourcesBuildPhase;
			buildActionMask = 2147483647;
			files = (
				B59937622516068900F629BC /* BaseViewController.swift in Sources */,
				B5993764251606BA00F629BC /* BasePresenter.swift in Sources */,
				B599377B2516136700F629BC /* UITableView+Extension.swift in Sources */,
				B599377D2516141E00F629BC /* Array+Extension.swift in Sources */,
				B59937522515FF0000F629BC /* NumberModel.swift in Sources */,
				B59937672516096300F629BC /* NumberTableViewCell.swift in Sources */,
				B59937582515FF6100F629BC /* NumbersProvider.swift in Sources */,
				B5E745C8251619B200D59298 /* DetailFactory.swift in Sources */,
				B599375A2515FF9100F629BC /* AppError.swift in Sources */,
				B5E745C62516191600D59298 /* DetailPresenter.swift in Sources */,
				B599377525160E9A00F629BC /* MasterPresenter.swift in Sources */,
				B599374D2515FE7300F629BC /* ProviderFactory.swift in Sources */,
				B599377925160F4900F629BC /* Global.swift in Sources */,
				B5E745C2251618E400D59298 /* DetailContract.swift in Sources */,
				B59937472515F7A900F629BC /* UseCaseFactory.swift in Sources */,
				B599375F2516064C00F629BC /* BaseViewControlling.swift in Sources */,
				B599376E25160B1E00F629BC /* MasterContract.swift in Sources */,
				B5E745C4251618FF00D59298 /* DetailViewController.swift in Sources */,
				B59937332515F57A00F629BC /* MainViewController.swift in Sources */,
				B599377025160C0600F629BC /* MasterViewController.swift in Sources */,
				B599375C2515FFEB00F629BC /* HTTPURLResponse+Extension.swift in Sources */,
				B59937452515F77C00F629BC /* MainFactory.swift in Sources */,
				B599377725160ED800F629BC /* MasterFactory.swift in Sources */,
				B599372F2515F57A00F629BC /* AppDelegate.swift in Sources */,
				B59937502515FEB400F629BC /* BaseProvider.swift in Sources */,
				B59937552515FF2A00F629BC /* NumbersProviding.swift in Sources */,
			);
			runOnlyForDeploymentPostprocessing = 0;
		};
/* End PBXSourcesBuildPhase section */

/* Begin PBXVariantGroup section */
		B59937342515F57A00F629BC /* Main.storyboard */ = {
			isa = PBXVariantGroup;
			children = (
				B59937352515F57A00F629BC /* Base */,
			);
			name = Main.storyboard;
			sourceTree = "<group>";
		};
		B59937392515F57B00F629BC /* LaunchScreen.storyboard */ = {
			isa = PBXVariantGroup;
			children = (
				B599373A2515F57B00F629BC /* Base */,
			);
			name = LaunchScreen.storyboard;
			sourceTree = "<group>";
		};
/* End PBXVariantGroup section */

/* Begin XCBuildConfiguration section */
		B599373D2515F57B00F629BC /* Debug */ = {
			isa = XCBuildConfiguration;
			buildSettings = {
				ALWAYS_SEARCH_USER_PATHS = NO;
				CLANG_ANALYZER_NONNULL = YES;
				CLANG_ANALYZER_NUMBER_OBJECT_CONVERSION = YES_AGGRESSIVE;
				CLANG_CXX_LANGUAGE_STANDARD = "gnu++14";
				CLANG_CXX_LIBRARY = "libc++";
				CLANG_ENABLE_MODULES = YES;
				CLANG_ENABLE_OBJC_ARC = YES;
				CLANG_ENABLE_OBJC_WEAK = YES;
				CLANG_WARN_BLOCK_CAPTURE_AUTORELEASING = YES;
				CLANG_WARN_BOOL_CONVERSION = YES;
				CLANG_WARN_COMMA = YES;
				CLANG_WARN_CONSTANT_CONVERSION = YES;
				CLANG_WARN_DEPRECATED_OBJC_IMPLEMENTATIONS = YES;
				CLANG_WARN_DIRECT_OBJC_ISA_USAGE = YES_ERROR;
				CLANG_WARN_DOCUMENTATION_COMMENTS = YES;
				CLANG_WARN_EMPTY_BODY = YES;
				CLANG_WARN_ENUM_CONVERSION = YES;
				CLANG_WARN_INFINITE_RECURSION = YES;
				CLANG_WARN_INT_CONVERSION = YES;
				CLANG_WARN_NON_LITERAL_NULL_CONVERSION = YES;
				CLANG_WARN_OBJC_IMPLICIT_RETAIN_SELF = YES;
				CLANG_WARN_OBJC_LITERAL_CONVERSION = YES;
				CLANG_WARN_OBJC_ROOT_CLASS = YES_ERROR;
				CLANG_WARN_RANGE_LOOP_ANALYSIS = YES;
				CLANG_WARN_STRICT_PROTOTYPES = YES;
				CLANG_WARN_SUSPICIOUS_MOVE = YES;
				CLANG_WARN_UNGUARDED_AVAILABILITY = YES_AGGRESSIVE;
				CLANG_WARN_UNREACHABLE_CODE = YES;
				CLANG_WARN__DUPLICATE_METHOD_MATCH = YES;
				COPY_PHASE_STRIP = NO;
				DEBUG_INFORMATION_FORMAT = dwarf;
				ENABLE_STRICT_OBJC_MSGSEND = YES;
				ENABLE_TESTABILITY = YES;
				GCC_C_LANGUAGE_STANDARD = gnu11;
				GCC_DYNAMIC_NO_PIC = NO;
				GCC_NO_COMMON_BLOCKS = YES;
				GCC_OPTIMIZATION_LEVEL = 0;
				GCC_PREPROCESSOR_DEFINITIONS = (
					"DEBUG=1",
					"$(inherited)",
				);
				GCC_WARN_64_TO_32_BIT_CONVERSION = YES;
				GCC_WARN_ABOUT_RETURN_TYPE = YES_ERROR;
				GCC_WARN_UNDECLARED_SELECTOR = YES;
				GCC_WARN_UNINITIALIZED_AUTOS = YES_AGGRESSIVE;
				GCC_WARN_UNUSED_FUNCTION = YES;
				GCC_WARN_UNUSED_VARIABLE = YES;
				IPHONEOS_DEPLOYMENT_TARGET = 8.0;
				MTL_ENABLE_DEBUG_INFO = INCLUDE_SOURCE;
				MTL_FAST_MATH = YES;
				ONLY_ACTIVE_ARCH = YES;
				SDKROOT = iphoneos;
				SWIFT_ACTIVE_COMPILATION_CONDITIONS = DEBUG;
				SWIFT_OPTIMIZATION_LEVEL = "-Onone";
			};
			name = Debug;
		};
		B599373E2515F57B00F629BC /* Release */ = {
			isa = XCBuildConfiguration;
			buildSettings = {
				ALWAYS_SEARCH_USER_PATHS = NO;
				CLANG_ANALYZER_NONNULL = YES;
				CLANG_ANALYZER_NUMBER_OBJECT_CONVERSION = YES_AGGRESSIVE;
				CLANG_CXX_LANGUAGE_STANDARD = "gnu++14";
				CLANG_CXX_LIBRARY = "libc++";
				CLANG_ENABLE_MODULES = YES;
				CLANG_ENABLE_OBJC_ARC = YES;
				CLANG_ENABLE_OBJC_WEAK = YES;
				CLANG_WARN_BLOCK_CAPTURE_AUTORELEASING = YES;
				CLANG_WARN_BOOL_CONVERSION = YES;
				CLANG_WARN_COMMA = YES;
				CLANG_WARN_CONSTANT_CONVERSION = YES;
				CLANG_WARN_DEPRECATED_OBJC_IMPLEMENTATIONS = YES;
				CLANG_WARN_DIRECT_OBJC_ISA_USAGE = YES_ERROR;
				CLANG_WARN_DOCUMENTATION_COMMENTS = YES;
				CLANG_WARN_EMPTY_BODY = YES;
				CLANG_WARN_ENUM_CONVERSION = YES;
				CLANG_WARN_INFINITE_RECURSION = YES;
				CLANG_WARN_INT_CONVERSION = YES;
				CLANG_WARN_NON_LITERAL_NULL_CONVERSION = YES;
				CLANG_WARN_OBJC_IMPLICIT_RETAIN_SELF = YES;
				CLANG_WARN_OBJC_LITERAL_CONVERSION = YES;
				CLANG_WARN_OBJC_ROOT_CLASS = YES_ERROR;
				CLANG_WARN_RANGE_LOOP_ANALYSIS = YES;
				CLANG_WARN_STRICT_PROTOTYPES = YES;
				CLANG_WARN_SUSPICIOUS_MOVE = YES;
				CLANG_WARN_UNGUARDED_AVAILABILITY = YES_AGGRESSIVE;
				CLANG_WARN_UNREACHABLE_CODE = YES;
				CLANG_WARN__DUPLICATE_METHOD_MATCH = YES;
				COPY_PHASE_STRIP = NO;
				DEBUG_INFORMATION_FORMAT = "dwarf-with-dsym";
				ENABLE_NS_ASSERTIONS = NO;
				ENABLE_STRICT_OBJC_MSGSEND = YES;
				GCC_C_LANGUAGE_STANDARD = gnu11;
				GCC_NO_COMMON_BLOCKS = YES;
				GCC_WARN_64_TO_32_BIT_CONVERSION = YES;
				GCC_WARN_ABOUT_RETURN_TYPE = YES_ERROR;
				GCC_WARN_UNDECLARED_SELECTOR = YES;
				GCC_WARN_UNINITIALIZED_AUTOS = YES_AGGRESSIVE;
				GCC_WARN_UNUSED_FUNCTION = YES;
				GCC_WARN_UNUSED_VARIABLE = YES;
				IPHONEOS_DEPLOYMENT_TARGET = 8.0;
				MTL_ENABLE_DEBUG_INFO = NO;
				MTL_FAST_MATH = YES;
				SDKROOT = iphoneos;
				SWIFT_COMPILATION_MODE = wholemodule;
				SWIFT_OPTIMIZATION_LEVEL = "-O";
				VALIDATE_PRODUCT = YES;
			};
			name = Release;
		};
		B59937402515F57B00F629BC /* Debug */ = {
			isa = XCBuildConfiguration;
			buildSettings = {
				ASSETCATALOG_COMPILER_APPICON_NAME = AppIcon;
				CODE_SIGN_STYLE = Automatic;
				DEVELOPMENT_TEAM = 239F6BX84Y;
				INFOPLIST_FILE = Numbers/Info.plist;
				IPHONEOS_DEPLOYMENT_TARGET = 8.0;
				LD_RUNPATH_SEARCH_PATHS = (
					"$(inherited)",
					"@executable_path/Frameworks",
				);
				PRODUCT_BUNDLE_IDENTIFIER = com.bendeguz.nemeth.Numbers;
				PRODUCT_NAME = "$(TARGET_NAME)";
				SWIFT_VERSION = 5.0;
				TARGETED_DEVICE_FAMILY = "1,2";
			};
			name = Debug;
		};
		B59937412515F57B00F629BC /* Release */ = {
			isa = XCBuildConfiguration;
			buildSettings = {
				ASSETCATALOG_COMPILER_APPICON_NAME = AppIcon;
				CODE_SIGN_STYLE = Automatic;
				DEVELOPMENT_TEAM = 239F6BX84Y;
				INFOPLIST_FILE = Numbers/Info.plist;
				IPHONEOS_DEPLOYMENT_TARGET = 8.0;
				LD_RUNPATH_SEARCH_PATHS = (
					"$(inherited)",
					"@executable_path/Frameworks",
				);
				PRODUCT_BUNDLE_IDENTIFIER = com.bendeguz.nemeth.Numbers;
				PRODUCT_NAME = "$(TARGET_NAME)";
				SWIFT_VERSION = 5.0;
				TARGETED_DEVICE_FAMILY = "1,2";
			};
			name = Release;
		};
/* End XCBuildConfiguration section */

/* Begin XCConfigurationList section */
		B59937262515F57A00F629BC /* Build configuration list for PBXProject "Numbers" */ = {
			isa = XCConfigurationList;
			buildConfigurations = (
				B599373D2515F57B00F629BC /* Debug */,
				B599373E2515F57B00F629BC /* Release */,
			);
			defaultConfigurationIsVisible = 0;
			defaultConfigurationName = Release;
		};
		B599373F2515F57B00F629BC /* Build configuration list for PBXNativeTarget "Numbers" */ = {
			isa = XCConfigurationList;
			buildConfigurations = (
				B59937402515F57B00F629BC /* Debug */,
				B59937412515F57B00F629BC /* Release */,
			);
			defaultConfigurationIsVisible = 0;
			defaultConfigurationName = Release;
		};
/* End XCConfigurationList section */

/* Begin XCRemoteSwiftPackageReference section */
		B599377125160C9D00F629BC /* XCRemoteSwiftPackageReference "SDWebImage" */ = {
			isa = XCRemoteSwiftPackageReference;
			repositoryURL = "https://github.com/SDWebImage/SDWebImage.git";
			requirement = {
				kind = upToNextMajorVersion;
				minimumVersion = 5.9.1;
			};
		};
/* End XCRemoteSwiftPackageReference section */

/* Begin XCSwiftPackageProductDependency section */
		B599377225160C9D00F629BC /* SDWebImage */ = {
			isa = XCSwiftPackageProductDependency;
			package = B599377125160C9D00F629BC /* XCRemoteSwiftPackageReference "SDWebImage" */;
			productName = SDWebImage;
		};
/* End XCSwiftPackageProductDependency section */
	};
	rootObject = B59937232515F57A00F629BC /* Project object */;
}
